
Microsoft Visual Studio Solution File, Format Version 12.00
# Visual Studio 15
VisualStudioVersion = 15.0.27703.2047
MinimumVisualStudioVersion = 10.0.40219.1
Project("{FAE04EC0-301F-11D3-BF4B-00C04F79EFBC}") = "ExcitingVirtualPet", "ExcitingVirtualPet\ExcitingVirtualPet.csproj", "{147B0E74-6994-40B0-B5F1-63F6E8642D2E}"
EndProject
Global
	GlobalSection(SolutionConfigurationPlatforms) = preSolution
		Debug|Any CPU = Debug|Any CPU
		Release|Any CPU = Release|Any CPU
	EndGlobalSection
	GlobalSection(ProjectConfigurationPlatforms) = postSolution
		{147B0E74-6994-40B0-B5F1-63F6E8642D2E}.Debug|Any CPU.ActiveCfg = Debug|Any CPU
		{147B0E74-6994-40B0-B5F1-63F6E8642D2E}.Debug|Any CPU.Build.0 = Debug|Any CPU
		{147B0E74-6994-40B0-B5F1-63F6E8642D2E}.Release|Any CPU.ActiveCfg = Release|Any CPU
		{147B0E74-6994-40B0-B5F1-63F6E8642D2E}.Release|Any CPU.Build.0 = Release|Any CPU
	EndGlobalSection
	GlobalSection(SolutionProperties) = preSolution
		HideSolutionNode = FALSE
	EndGlobalSection
	GlobalSection(ExtensibilityGlobals) = postSolution
		SolutionGuid = {AC9D57A7-2837-4451-ABEA-361FD830A52D}
	EndGlobalSection
EndGlobal
